
Microsoft Visual Studio Solution File, Format Version 12.00
Project("{FAE04EC0-301F-11D3-BF4B-00C04F79EFBC}") = "Secrets.Web", "Secrets.Web\Secrets.Web.csproj", "{1B807377-ABD1-4BAD-97E4-BFF2344EA3BB}"
EndProject
Project("{FAE04EC0-301F-11D3-BF4B-00C04F79EFBC}") = "Secrets.API", "Secrets.API\Secrets.API.csproj", "{9EA102C7-F29F-4D88-93F8-456267018397}"
EndProject
Global
	GlobalSection(SolutionConfigurationPlatforms) = preSolution
		Debug|Any CPU = Debug|Any CPU
		Release|Any CPU = Release|Any CPU
	EndGlobalSection
	GlobalSection(ProjectConfigurationPlatforms) = postSolution
		{1B807377-ABD1-4BAD-97E4-BFF2344EA3BB}.Debug|Any CPU.ActiveCfg = Debug|Any CPU
		{1B807377-ABD1-4BAD-97E4-BFF2344EA3BB}.Debug|Any CPU.Build.0 = Debug|Any CPU
		{1B807377-ABD1-4BAD-97E4-BFF2344EA3BB}.Release|Any CPU.ActiveCfg = Release|Any CPU
		{1B807377-ABD1-4BAD-97E4-BFF2344EA3BB}.Release|Any CPU.Build.0 = Release|Any CPU
		{9EA102C7-F29F-4D88-93F8-456267018397}.Debug|Any CPU.ActiveCfg = Debug|Any CPU
		{9EA102C7-F29F-4D88-93F8-456267018397}.Debug|Any CPU.Build.0 = Debug|Any CPU
		{9EA102C7-F29F-4D88-93F8-456267018397}.Release|Any CPU.ActiveCfg = Release|Any CPU
		{9EA102C7-F29F-4D88-93F8-456267018397}.Release|Any CPU.Build.0 = Release|Any CPU
	EndGlobalSection
EndGlobal
